
Microsoft Visual Studio Solution File, Format Version 12.00
# Visual Studio Version 17
VisualStudioVersion = 17.12.35707.178 d17.12
MinimumVisualStudioVersion = 10.0.40219.1
Project("{FAE04EC0-301F-11D3-BF4B-00C04F79EFBC}") = "LibraryCore", "LibraryCore.csproj", "{EF6A243F-2D75-4158-A2A3-AD86D3164910}"
EndProject
Global
	GlobalSection(SolutionConfigurationPlatforms) = preSolution
		Debug|Any CPU = Debug|Any CPU
		Release|Any CPU = Release|Any CPU
	EndGlobalSection
	GlobalSection(ProjectConfigurationPlatforms) = postSolution
		{EF6A243F-2D75-4158-A2A3-AD86D3164910}.Debug|Any CPU.ActiveCfg = Debug|Any CPU
		{EF6A243F-2D75-4158-A2A3-AD86D3164910}.Debug|Any CPU.Build.0 = Debug|Any CPU
		{EF6A243F-2D75-4158-A2A3-AD86D3164910}.Release|Any CPU.ActiveCfg = Release|Any CPU
		{EF6A243F-2D75-4158-A2A3-AD86D3164910}.Release|Any CPU.Build.0 = Release|Any CPU
	EndGlobalSection
	GlobalSection(SolutionProperties) = preSolution
		HideSolutionNode = FALSE
	EndGlobalSection
EndGlobal
